<?xml version="1.0" encoding="UTF-8" standalone="yes" ?>
<CodeBlocks_project_file>
	<FileVersion major="1" minor="6" />
	<Project>
		<Option title="wxHelloWorld" />
		<Option pch_mode="2" />
		<Option compiler="gcc" />
		<Build>
			<Target title="Debug">
				<Option output="bin/Debug/HelloWorld" prefix_auto="1" extension_auto="1" />
				<Option object_output="obj/Debug/" />
				<Option type="1" />
				<Option compiler="gcc" />
				<Compiler>
					<Add option="-g" />
				</Compiler>
			</Target>
			<Target title="Release">
				<Option output="bin/Release/HelloWorld" prefix_auto="1" extension_auto="1" />
				<Option object_output="obj/Release/" />
				<Option type="1" />
				<Option compiler="gcc" />
				<Compiler>
					<Add option="-O2" />
				</Compiler>
				<Linker>
					<Add option="-s" />
				</Linker>
			</Target>
		</Build>
		<Compiler>
			<Add option="-Wall" />
			<Add option="`wx-config --cxxflags`" />
			<Add option="-DWXUSINGDLL -D__WXGTK3__ -D__WXGTK__ -pthread" />
			<Add directory="/projects/Programming/static_libs/wxWidgets/usr/local/include/wx-3.2" />
			<Add directory="/projects/Programming/static_libs/wxWidgets/usr/local/lib/wx/include/gtk3-unicode-static-3.2" />
		</Compiler>
		<Linker>
			<Add option="`wx-config --libs`" />
		</Linker>
		<Unit filename="src/myApp.cpp" />
		<Unit filename="src/myApp.h" />
		<Unit filename="src/myFrame.cpp" />
		<Unit filename="src/myFrame.h" />
		<Extensions>
			<lib_finder disable_auto="1" />
		</Extensions>
	</Project>
</CodeBlocks_project_file>
